
Microsoft Visual Studio Solution File, Format Version 12.00
# Visual Studio Version 17
VisualStudioVersion = 17.3.32929.385
MinimumVisualStudioVersion = 10.0.40219.1
Project("{8BC9CEB8-8B4A-11D0-8D11-00A0C91BC942}") = "day01", "day01\day01.vcxproj", "{EFBD09F1-7229-48C3-824C-80909D61C075}"
EndProject
Project("{8BC9CEB8-8B4A-11D0-8D11-00A0C91BC942}") = "day02", "day02\day02.vcxproj", "{7449CC49-E1F2-40A3-82A9-EA28021AC406}"
EndProject
Project("{8BC9CEB8-8B4A-11D0-8D11-00A0C91BC942}") = "day03", "day03\day03.vcxproj", "{B5402009-5229-4D60-AC65-E880E4CC4FAA}"
EndProject
Project("{8BC9CEB8-8B4A-11D0-8D11-00A0C91BC942}") = "day04", "day04\day04.vcxproj", "{8CEA68A6-6032-4B90-AC3C-10B39DBDCDAD}"
EndProject
Project("{8BC9CEB8-8B4A-11D0-8D11-00A0C91BC942}") = "day05", "day05\day05.vcxproj", "{CFF7590E-6B7E-4F9C-934A-2BA53C344776}"
EndProject
Project("{8BC9CEB8-8B4A-11D0-8D11-00A0C91BC942}") = "day06", "day06\day06.vcxproj", "{C2DF1954-9A8F-4393-820E-13D732FB7507}"
EndProject
Project("{8BC9CEB8-8B4A-11D0-8D11-00A0C91BC942}") = "day07", "day07\day07.vcxproj", "{B7EBD6C4-18FB-425F-8D61-2848CD327B6F}"
EndProject
Project("{8BC9CEB8-8B4A-11D0-8D11-00A0C91BC942}") = "day08", "day08\day08.vcxproj", "{42F6860E-169E-4707-87F2-5B06805D7244}"
EndProject
Project("{8BC9CEB8-8B4A-11D0-8D11-00A0C91BC942}") = "day09", "day09\day09.vcxproj", "{699FE083-6815-4B0E-9C0E-D70EAD1DDA2E}"
EndProject
Project("{8BC9CEB8-8B4A-11D0-8D11-00A0C91BC942}") = "day10", "day10\day10.vcxproj", "{A3306E87-B01E-443F-9958-B8FF931A1EE7}"
EndProject
Project("{8BC9CEB8-8B4A-11D0-8D11-00A0C91BC942}") = "day11", "day11\day11.vcxproj", "{3B02FEFB-6963-4B33-8D3F-F228742B0C6C}"
EndProject
Project("{8BC9CEB8-8B4A-11D0-8D11-00A0C91BC942}") = "day12", "day12\day12.vcxproj", "{E66B5392-FB34-48F5-9064-3901EAE8873A}"
EndProject
Project("{8BC9CEB8-8B4A-11D0-8D11-00A0C91BC942}") = "day13", "day13\day13.vcxproj", "{F84221DE-A43E-4271-A8A6-74B790F28362}"
EndProject
Project("{8BC9CEB8-8B4A-11D0-8D11-00A0C91BC942}") = "day14", "day14\day14.vcxproj", "{32F6846A-071D-4DED-AF91-3B7DB419033F}"
EndProject
Project("{8BC9CEB8-8B4A-11D0-8D11-00A0C91BC942}") = "day15", "day15\day15.vcxproj", "{58DF5E02-C9CC-4A10-9F68-B8EED6741A90}"
EndProject
Project("{8BC9CEB8-8B4A-11D0-8D11-00A0C91BC942}") = "day16", "day16\day16.vcxproj", "{22398DFD-F8BB-49D8-A120-8BA5BC5AE74A}"
EndProject
Project("{8BC9CEB8-8B4A-11D0-8D11-00A0C91BC942}") = "day17", "day17\day17.vcxproj", "{CD2C21F4-BAF9-4380-81A1-63E48AABCF8F}"
EndProject
Project("{8BC9CEB8-8B4A-11D0-8D11-00A0C91BC942}") = "day18", "day18\day18.vcxproj", "{0BD9F4D7-B01B-40DF-A227-343C926C34CB}"
EndProject
Project("{8BC9CEB8-8B4A-11D0-8D11-00A0C91BC942}") = "day19", "day19\day19.vcxproj", "{96FD4A65-D72F-49FB-8B8F-5FC01C50A02E}"
EndProject
Project("{8BC9CEB8-8B4A-11D0-8D11-00A0C91BC942}") = "day20", "day20\day20.vcxproj", "{E2BE8E28-299D-4799-8C4B-7D4D0663402B}"
EndProject
Project("{8BC9CEB8-8B4A-11D0-8D11-00A0C91BC942}") = "day21", "day21\day21.vcxproj", "{D0202FF8-247B-4EF6-9394-FBA85259A3B6}"
EndProject
Project("{8BC9CEB8-8B4A-11D0-8D11-00A0C91BC942}") = "day22", "day22\day22.vcxproj", "{DA6F48BD-CC93-472D-BD16-A266F460133D}"
EndProject
Project("{8BC9CEB8-8B4A-11D0-8D11-00A0C91BC942}") = "day23", "day23\day23.vcxproj", "{A032D039-1A6C-4997-8396-31F47DE1F356}"
EndProject
Project("{8BC9CEB8-8B4A-11D0-8D11-00A0C91BC942}") = "day24", "day24\day24.vcxproj", "{0D6AE82E-44E3-4522-B563-81835A434F6D}"
EndProject
Project("{8BC9CEB8-8B4A-11D0-8D11-00A0C91BC942}") = "day25", "day25\day25.vcxproj", "{E10B4DD4-0CBF-433A-BDD9-70B232F4A470}"
EndProject
Global
	GlobalSection(SolutionConfigurationPlatforms) = preSolution
		Debug|Any CPU = Debug|Any CPU
		Debug|x64 = Debug|x64
		Debug|x86 = Debug|x86
		Release|Any CPU = Release|Any CPU
		Release|x64 = Release|x64
		Release|x86 = Release|x86
	EndGlobalSection
	GlobalSection(ProjectConfigurationPlatforms) = postSolution
		{EFBD09F1-7229-48C3-824C-80909D61C075}.Debug|Any CPU.ActiveCfg = Debug|x64
		{EFBD09F1-7229-48C3-824C-80909D61C075}.Debug|Any CPU.Build.0 = Debug|x64
		{EFBD09F1-7229-48C3-824C-80909D61C075}.Debug|x64.ActiveCfg = Debug|x64
		{EFBD09F1-7229-48C3-824C-80909D61C075}.Debug|x64.Build.0 = Debug|x64
		{EFBD09F1-7229-48C3-824C-80909D61C075}.Debug|x86.ActiveCfg = Debug|Win32
		{EFBD09F1-7229-48C3-824C-80909D61C075}.Debug|x86.Build.0 = Debug|Win32
		{EFBD09F1-7229-48C3-824C-80909D61C075}.Release|Any CPU.ActiveCfg = Release|x64
		{EFBD09F1-7229-48C3-824C-80909D61C075}.Release|Any CPU.Build.0 = Release|x64
		{EFBD09F1-7229-48C3-824C-80909D61C075}.Release|x64.ActiveCfg = Release|x64
		{EFBD09F1-7229-48C3-824C-80909D61C075}.Release|x64.Build.0 = Release|x64
		{EFBD09F1-7229-48C3-824C-80909D61C075}.Release|x86.ActiveCfg = Release|Win32
		{EFBD09F1-7229-48C3-824C-80909D61C075}.Release|x86.Build.0 = Release|Win32
		{7449CC49-E1F2-40A3-82A9-EA28021AC406}.Debug|Any CPU.ActiveCfg = Debug|x64
		{7449CC49-E1F2-40A3-82A9-EA28021AC406}.Debug|Any CPU.Build.0 = Debug|x64
		{7449CC49-E1F2-40A3-82A9-EA28021AC406}.Debug|x64.ActiveCfg = Debug|x64
		{7449CC49-E1F2-40A3-82A9-EA28021AC406}.Debug|x64.Build.0 = Debug|x64
		{7449CC49-E1F2-40A3-82A9-EA28021AC406}.Debug|x86.ActiveCfg = Debug|Win32
		{7449CC49-E1F2-40A3-82A9-EA28021AC406}.Debug|x86.Build.0 = Debug|Win32
		{7449CC49-E1F2-40A3-82A9-EA28021AC406}.Release|Any CPU.ActiveCfg = Release|x64
		{7449CC49-E1F2-40A3-82A9-EA28021AC406}.Release|Any CPU.Build.0 = Release|x64
		{7449CC49-E1F2-40A3-82A9-EA28021AC406}.Release|x64.ActiveCfg = Release|x64
		{7449CC49-E1F2-40A3-82A9-EA28021AC406}.Release|x64.Build.0 = Release|x64
		{7449CC49-E1F2-40A3-82A9-EA28021AC406}.Release|x86.ActiveCfg = Release|Win32
		{7449CC49-E1F2-40A3-82A9-EA28021AC406}.Release|x86.Build.0 = Release|Win32
		{B5402009-5229-4D60-AC65-E880E4CC4FAA}.Debug|Any CPU.ActiveCfg = Debug|x64
		{B5402009-5229-4D60-AC65-E880E4CC4FAA}.Debug|Any CPU.Build.0 = Debug|x64
		{B5402009-5229-4D60-AC65-E880E4CC4FAA}.Debug|x64.ActiveCfg = Debug|x64
		{B5402009-5229-4D60-AC65-E880E4CC4FAA}.Debug|x64.Build.0 = Debug|x64
		{B5402009-5229-4D60-AC65-E880E4CC4FAA}.Debug|x86.ActiveCfg = Debug|Win32
		{B5402009-5229-4D60-AC65-E880E4CC4FAA}.Debug|x86.Build.0 = Debug|Win32
		{B5402009-5229-4D60-AC65-E880E4CC4FAA}.Release|Any CPU.ActiveCfg = Release|x64
		{B5402009-5229-4D60-AC65-E880E4CC4FAA}.Release|Any CPU.Build.0 = Release|x64
		{B5402009-5229-4D60-AC65-E880E4CC4FAA}.Release|x64.ActiveCfg = Release|x64
		{B5402009-5229-4D60-AC65-E880E4CC4FAA}.Release|x64.Build.0 = Release|x64
		{B5402009-5229-4D60-AC65-E880E4CC4FAA}.Release|x86.ActiveCfg = Release|Win32
		{B5402009-5229-4D60-AC65-E880E4CC4FAA}.Release|x86.Build.0 = Release|Win32
		{8CEA68A6-6032-4B90-AC3C-10B39DBDCDAD}.Debug|Any CPU.ActiveCfg = Debug|x64
		{8CEA68A6-6032-4B90-AC3C-10B39DBDCDAD}.Debug|Any CPU.Build.0 = Debug|x64
		{8CEA68A6-6032-4B90-AC3C-10B39DBDCDAD}.Debug|x64.ActiveCfg = Debug|x64
		{8CEA68A6-6032-4B90-AC3C-10B39DBDCDAD}.Debug|x64.Build.0 = Debug|x64
		{8CEA68A6-6032-4B90-AC3C-10B39DBDCDAD}.Debug|x86.ActiveCfg = Debug|Win32
		{8CEA68A6-6032-4B90-AC3C-10B39DBDCDAD}.Debug|x86.Build.0 = Debug|Win32
		{8CEA68A6-6032-4B90-AC3C-10B39DBDCDAD}.Release|Any CPU.ActiveCfg = Release|x64
		{8CEA68A6-6032-4B90-AC3C-10B39DBDCDAD}.Release|Any CPU.Build.0 = Release|x64
		{8CEA68A6-6032-4B90-AC3C-10B39DBDCDAD}.Release|x64.ActiveCfg = Release|x64
		{8CEA68A6-6032-4B90-AC3C-10B39DBDCDAD}.Release|x64.Build.0 = Release|x64
		{8CEA68A6-6032-4B90-AC3C-10B39DBDCDAD}.Release|x86.ActiveCfg = Release|Win32
		{8CEA68A6-6032-4B90-AC3C-10B39DBDCDAD}.Release|x86.Build.0 = Release|Win32
		{CFF7590E-6B7E-4F9C-934A-2BA53C344776}.Debug|Any CPU.ActiveCfg = Debug|x64
		{CFF7590E-6B7E-4F9C-934A-2BA53C344776}.Debug|Any CPU.Build.0 = Debug|x64
		{CFF7590E-6B7E-4F9C-934A-2BA53C344776}.Debug|x64.ActiveCfg = Debug|x64
		{CFF7590E-6B7E-4F9C-934A-2BA53C344776}.Debug|x64.Build.0 = Debug|x64
		{CFF7590E-6B7E-4F9C-934A-2BA53C344776}.Debug|x86.ActiveCfg = Debug|Win32
		{CFF7590E-6B7E-4F9C-934A-2BA53C344776}.Debug|x86.Build.0 = Debug|Win32
		{CFF7590E-6B7E-4F9C-934A-2BA53C344776}.Release|Any CPU.ActiveCfg = Release|x64
		{CFF7590E-6B7E-4F9C-934A-2BA53C344776}.Release|Any CPU.Build.0 = Release|x64
		{CFF7590E-6B7E-4F9C-934A-2BA53C344776}.Release|x64.ActiveCfg = Release|x64
		{CFF7590E-6B7E-4F9C-934A-2BA53C344776}.Release|x64.Build.0 = Release|x64
		{CFF7590E-6B7E-4F9C-934A-2BA53C344776}.Release|x86.ActiveCfg = Release|Win32
		{CFF7590E-6B7E-4F9C-934A-2BA53C344776}.Release|x86.Build.0 = Release|Win32
		{C2DF1954-9A8F-4393-820E-13D732FB7507}.Debug|Any CPU.ActiveCfg = Debug|x64
		{C2DF1954-9A8F-4393-820E-13D732FB7507}.Debug|Any CPU.Build.0 = Debug|x64
		{C2DF1954-9A8F-4393-820E-13D732FB7507}.Debug|x64.ActiveCfg = Debug|x64
		{C2DF1954-9A8F-4393-820E-13D732FB7507}.Debug|x64.Build.0 = Debug|x64
		{C2DF1954-9A8F-4393-820E-13D732FB7507}.Debug|x86.ActiveCfg = Debug|Win32
		{C2DF1954-9A8F-4393-820E-13D732FB7507}.Debug|x86.Build.0 = Debug|Win32
		{C2DF1954-9A8F-4393-820E-13D732FB7507}.Release|Any CPU.ActiveCfg = Release|x64
		{C2DF1954-9A8F-4393-820E-13D732FB7507}.Release|Any CPU.Build.0 = Release|x64
		{C2DF1954-9A8F-4393-820E-13D732FB7507}.Release|x64.ActiveCfg = Release|x64
		{C2DF1954-9A8F-4393-820E-13D732FB7507}.Release|x64.Build.0 = Release|x64
		{C2DF1954-9A8F-4393-820E-13D732FB7507}.Release|x86.ActiveCfg = Release|Win32
		{C2DF1954-9A8F-4393-820E-13D732FB7507}.Release|x86.Build.0 = Release|Win32
		{B7EBD6C4-18FB-425F-8D61-2848CD327B6F}.Debug|Any CPU.ActiveCfg = Debug|x64
		{B7EBD6C4-18FB-425F-8D61-2848CD327B6F}.Debug|Any CPU.Build.0 = Debug|x64
		{B7EBD6C4-18FB-425F-8D61-2848CD327B6F}.Debug|x64.ActiveCfg = Debug|x64
		{B7EBD6C4-18FB-425F-8D61-2848CD327B6F}.Debug|x64.Build.0 = Debug|x64
		{B7EBD6C4-18FB-425F-8D61-2848CD327B6F}.Debug|x86.ActiveCfg = Debug|Win32
		{B7EBD6C4-18FB-425F-8D61-2848CD327B6F}.Debug|x86.Build.0 = Debug|Win32
		{B7EBD6C4-18FB-425F-8D61-2848CD327B6F}.Release|Any CPU.ActiveCfg = Release|x64
		{B7EBD6C4-18FB-425F-8D61-2848CD327B6F}.Release|Any CPU.Build.0 = Release|x64
		{B7EBD6C4-18FB-425F-8D61-2848CD327B6F}.Release|x64.ActiveCfg = Release|x64
		{B7EBD6C4-18FB-425F-8D61-2848CD327B6F}.Release|x64.Build.0 = Release|x64
		{B7EBD6C4-18FB-425F-8D61-2848CD327B6F}.Release|x86.ActiveCfg = Release|Win32
		{B7EBD6C4-18FB-425F-8D61-2848CD327B6F}.Release|x86.Build.0 = Release|Win32
		{42F6860E-169E-4707-87F2-5B06805D7244}.Debug|Any CPU.ActiveCfg = Debug|x64
		{42F6860E-169E-4707-87F2-5B06805D7244}.Debug|Any CPU.Build.0 = Debug|x64
		{42F6860E-169E-4707-87F2-5B06805D7244}.Debug|x64.ActiveCfg = Debug|x64
		{42F6860E-169E-4707-87F2-5B06805D7244}.Debug|x64.Build.0 = Debug|x64
		{42F6860E-169E-4707-87F2-5B06805D7244}.Debug|x86.ActiveCfg = Debug|Win32
		{42F6860E-169E-4707-87F2-5B06805D7244}.Debug|x86.Build.0 = Debug|Win32
		{42F6860E-169E-4707-87F2-5B06805D7244}.Release|Any CPU.ActiveCfg = Release|x64
		{42F6860E-169E-4707-87F2-5B06805D7244}.Release|Any CPU.Build.0 = Release|x64
		{42F6860E-169E-4707-87F2-5B06805D7244}.Release|x64.ActiveCfg = Release|x64
		{42F6860E-169E-4707-87F2-5B06805D7244}.Release|x64.Build.0 = Release|x64
		{42F6860E-169E-4707-87F2-5B06805D7244}.Release|x86.ActiveCfg = Release|Win32
		{42F6860E-169E-4707-87F2-5B06805D7244}.Release|x86.Build.0 = Release|Win32
		{699FE083-6815-4B0E-9C0E-D70EAD1DDA2E}.Debug|Any CPU.ActiveCfg = Debug|x64
		{699FE083-6815-4B0E-9C0E-D70EAD1DDA2E}.Debug|Any CPU.Build.0 = Debug|x64
		{699FE083-6815-4B0E-9C0E-D70EAD1DDA2E}.Debug|x64.ActiveCfg = Debug|x64
		{699FE083-6815-4B0E-9C0E-D70EAD1DDA2E}.Debug|x64.Build.0 = Debug|x64
		{699FE083-6815-4B0E-9C0E-D70EAD1DDA2E}.Debug|x86.ActiveCfg = Debug|Win32
		{699FE083-6815-4B0E-9C0E-D70EAD1DDA2E}.Debug|x86.Build.0 = Debug|Win32
		{699FE083-6815-4B0E-9C0E-D70EAD1DDA2E}.Release|Any CPU.ActiveCfg = Release|x64
		{699FE083-6815-4B0E-9C0E-D70EAD1DDA2E}.Release|Any CPU.Build.0 = Release|x64
		{699FE083-6815-4B0E-9C0E-D70EAD1DDA2E}.Release|x64.ActiveCfg = Release|x64
		{699FE083-6815-4B0E-9C0E-D70EAD1DDA2E}.Release|x64.Build.0 = Release|x64
		{699FE083-6815-4B0E-9C0E-D70EAD1DDA2E}.Release|x86.ActiveCfg = Release|Win32
		{699FE083-6815-4B0E-9C0E-D70EAD1DDA2E}.Release|x86.Build.0 = Release|Win32
		{A3306E87-B01E-443F-9958-B8FF931A1EE7}.Debug|Any CPU.ActiveCfg = Debug|x64
		{A3306E87-B01E-443F-9958-B8FF931A1EE7}.Debug|Any CPU.Build.0 = Debug|x64
		{A3306E87-B01E-443F-9958-B8FF931A1EE7}.Debug|x64.ActiveCfg = Debug|x64
		{A3306E87-B01E-443F-9958-B8FF931A1EE7}.Debug|x64.Build.0 = Debug|x64
		{A3306E87-B01E-443F-9958-B8FF931A1EE7}.Debug|x86.ActiveCfg = Debug|Win32
		{A3306E87-B01E-443F-9958-B8FF931A1EE7}.Debug|x86.Build.0 = Debug|Win32
		{A3306E87-B01E-443F-9958-B8FF931A1EE7}.Release|Any CPU.ActiveCfg = Release|x64
		{A3306E87-B01E-443F-9958-B8FF931A1EE7}.Release|Any CPU.Build.0 = Release|x64
		{A3306E87-B01E-443F-9958-B8FF931A1EE7}.Release|x64.ActiveCfg = Release|x64
		{A3306E87-B01E-443F-9958-B8FF931A1EE7}.Release|x64.Build.0 = Release|x64
		{A3306E87-B01E-443F-9958-B8FF931A1EE7}.Release|x86.ActiveCfg = Release|Win32
		{A3306E87-B01E-443F-9958-B8FF931A1EE7}.Release|x86.Build.0 = Release|Win32
		{3B02FEFB-6963-4B33-8D3F-F228742B0C6C}.Debug|Any CPU.ActiveCfg = Debug|x64
		{3B02FEFB-6963-4B33-8D3F-F228742B0C6C}.Debug|Any CPU.Build.0 = Debug|x64
		{3B02FEFB-6963-4B33-8D3F-F228742B0C6C}.Debug|x64.ActiveCfg = Debug|x64
		{3B02FEFB-6963-4B33-8D3F-F228742B0C6C}.Debug|x64.Build.0 = Debug|x64
		{3B02FEFB-6963-4B33-8D3F-F228742B0C6C}.Debug|x86.ActiveCfg = Debug|Win32
		{3B02FEFB-6963-4B33-8D3F-F228742B0C6C}.Debug|x86.Build.0 = Debug|Win32
		{3B02FEFB-6963-4B33-8D3F-F228742B0C6C}.Release|Any CPU.ActiveCfg = Release|x64
		{3B02FEFB-6963-4B33-8D3F-F228742B0C6C}.Release|Any CPU.Build.0 = Release|x64
		{3B02FEFB-6963-4B33-8D3F-F228742B0C6C}.Release|x64.ActiveCfg = Release|x64
		{3B02FEFB-6963-4B33-8D3F-F228742B0C6C}.Release|x64.Build.0 = Release|x64
		{3B02FEFB-6963-4B33-8D3F-F228742B0C6C}.Release|x86.ActiveCfg = Release|Win32
		{3B02FEFB-6963-4B33-8D3F-F228742B0C6C}.Release|x86.Build.0 = Release|Win32
		{E66B5392-FB34-48F5-9064-3901EAE8873A}.Debug|Any CPU.ActiveCfg = Debug|x64
		{E66B5392-FB34-48F5-9064-3901EAE8873A}.Debug|Any CPU.Build.0 = Debug|x64
		{E66B5392-FB34-48F5-9064-3901EAE8873A}.Debug|x64.ActiveCfg = Debug|x64
		{E66B5392-FB34-48F5-9064-3901EAE8873A}.Debug|x64.Build.0 = Debug|x64
		{E66B5392-FB34-48F5-9064-3901EAE8873A}.Debug|x86.ActiveCfg = Debug|Win32
		{E66B5392-FB34-48F5-9064-3901EAE8873A}.Debug|x86.Build.0 = Debug|Win32
		{E66B5392-FB34-48F5-9064-3901EAE8873A}.Release|Any CPU.ActiveCfg = Release|x64
		{E66B5392-FB34-48F5-9064-3901EAE8873A}.Release|Any CPU.Build.0 = Release|x64
		{E66B5392-FB34-48F5-9064-3901EAE8873A}.Release|x64.ActiveCfg = Release|x64
		{E66B5392-FB34-48F5-9064-3901EAE8873A}.Release|x64.Build.0 = Release|x64
		{E66B5392-FB34-48F5-9064-3901EAE8873A}.Release|x86.ActiveCfg = Release|Win32
		{E66B5392-FB34-48F5-9064-3901EAE8873A}.Release|x86.Build.0 = Release|Win32
		{F84221DE-A43E-4271-A8A6-74B790F28362}.Debug|Any CPU.ActiveCfg = Debug|x64
		{F84221DE-A43E-4271-A8A6-74B790F28362}.Debug|Any CPU.Build.0 = Debug|x64
		{F84221DE-A43E-4271-A8A6-74B790F28362}.Debug|x64.ActiveCfg = Debug|x64
		{F84221DE-A43E-4271-A8A6-74B790F28362}.Debug|x64.Build.0 = Debug|x64
		{F84221DE-A43E-4271-A8A6-74B790F28362}.Debug|x86.ActiveCfg = Debug|Win32
		{F84221DE-A43E-4271-A8A6-74B790F28362}.Debug|x86.Build.0 = Debug|Win32
		{F84221DE-A43E-4271-A8A6-74B790F28362}.Release|Any CPU.ActiveCfg = Release|x64
		{F84221DE-A43E-4271-A8A6-74B790F28362}.Release|Any CPU.Build.0 = Release|x64
		{F84221DE-A43E-4271-A8A6-74B790F28362}.Release|x64.ActiveCfg = Release|x64
		{F84221DE-A43E-4271-A8A6-74B790F28362}.Release|x64.Build.0 = Release|x64
		{F84221DE-A43E-4271-A8A6-74B790F28362}.Release|x86.ActiveCfg = Release|Win32
		{F84221DE-A43E-4271-A8A6-74B790F28362}.Release|x86.Build.0 = Release|Win32
		{32F6846A-071D-4DED-AF91-3B7DB419033F}.Debug|Any CPU.ActiveCfg = Debug|x64
		{32F6846A-071D-4DED-AF91-3B7DB419033F}.Debug|Any CPU.Build.0 = Debug|x64
		{32F6846A-071D-4DED-AF91-3B7DB419033F}.Debug|x64.ActiveCfg = Debug|x64
		{32F6846A-071D-4DED-AF91-3B7DB419033F}.Debug|x64.Build.0 = Debug|x64
		{32F6846A-071D-4DED-AF91-3B7DB419033F}.Debug|x86.ActiveCfg = Debug|Win32
		{32F6846A-071D-4DED-AF91-3B7DB419033F}.Debug|x86.Build.0 = Debug|Win32
		{32F6846A-071D-4DED-AF91-3B7DB419033F}.Release|Any CPU.ActiveCfg = Release|x64
		{32F6846A-071D-4DED-AF91-3B7DB419033F}.Release|Any CPU.Build.0 = Release|x64
		{32F6846A-071D-4DED-AF91-3B7DB419033F}.Release|x64.ActiveCfg = Release|x64
		{32F6846A-071D-4DED-AF91-3B7DB419033F}.Release|x64.Build.0 = Release|x64
		{32F6846A-071D-4DED-AF91-3B7DB419033F}.Release|x86.ActiveCfg = Release|Win32
		{32F6846A-071D-4DED-AF91-3B7DB419033F}.Release|x86.Build.0 = Release|Win32
		{58DF5E02-C9CC-4A10-9F68-B8EED6741A90}.Debug|Any CPU.ActiveCfg = Debug|x64
		{58DF5E02-C9CC-4A10-9F68-B8EED6741A90}.Debug|Any CPU.Build.0 = Debug|x64
		{58DF5E02-C9CC-4A10-9F68-B8EED6741A90}.Debug|x64.ActiveCfg = Debug|x64
		{58DF5E02-C9CC-4A10-9F68-B8EED6741A90}.Debug|x64.Build.0 = Debug|x64
		{58DF5E02-C9CC-4A10-9F68-B8EED6741A90}.Debug|x86.ActiveCfg = Debug|Win32
		{58DF5E02-C9CC-4A10-9F68-B8EED6741A90}.Debug|x86.Build.0 = Debug|Win32
		{58DF5E02-C9CC-4A10-9F68-B8EED6741A90}.Release|Any CPU.ActiveCfg = Release|x64
		{58DF5E02-C9CC-4A10-9F68-B8EED6741A90}.Release|Any CPU.Build.0 = Release|x64
		{58DF5E02-C9CC-4A10-9F68-B8EED6741A90}.Release|x64.ActiveCfg = Release|x64
		{58DF5E02-C9CC-4A10-9F68-B8EED6741A90}.Release|x64.Build.0 = Release|x64
		{58DF5E02-C9CC-4A10-9F68-B8EED6741A90}.Release|x86.ActiveCfg = Release|Win32
		{58DF5E02-C9CC-4A10-9F68-B8EED6741A90}.Release|x86.Build.0 = Release|Win32
		{22398DFD-F8BB-49D8-A120-8BA5BC5AE74A}.Debug|Any CPU.ActiveCfg = Debug|x64
		{22398DFD-F8BB-49D8-A120-8BA5BC5AE74A}.Debug|Any CPU.Build.0 = Debug|x64
		{22398DFD-F8BB-49D8-A120-8BA5BC5AE74A}.Debug|x64.ActiveCfg = Debug|x64
		{22398DFD-F8BB-49D8-A120-8BA5BC5AE74A}.Debug|x64.Build.0 = Debug|x64
		{22398DFD-F8BB-49D8-A120-8BA5BC5AE74A}.Debug|x86.ActiveCfg = Debug|Win32
		{22398DFD-F8BB-49D8-A120-8BA5BC5AE74A}.Debug|x86.Build.0 = Debug|Win32
		{22398DFD-F8BB-49D8-A120-8BA5BC5AE74A}.Release|Any CPU.ActiveCfg = Release|x64
		{22398DFD-F8BB-49D8-A120-8BA5BC5AE74A}.Release|Any CPU.Build.0 = Release|x64
		{22398DFD-F8BB-49D8-A120-8BA5BC5AE74A}.Release|x64.ActiveCfg = Release|x64
		{22398DFD-F8BB-49D8-A120-8BA5BC5AE74A}.Release|x64.Build.0 = Release|x64
		{22398DFD-F8BB-49D8-A120-8BA5BC5AE74A}.Release|x86.ActiveCfg = Release|Win32
		{22398DFD-F8BB-49D8-A120-8BA5BC5AE74A}.Release|x86.Build.0 = Release|Win32
		{CD2C21F4-BAF9-4380-81A1-63E48AABCF8F}.Debug|Any CPU.ActiveCfg = Debug|x64
		{CD2C21F4-BAF9-4380-81A1-63E48AABCF8F}.Debug|Any CPU.Build.0 = Debug|x64
		{CD2C21F4-BAF9-4380-81A1-63E48AABCF8F}.Debug|x64.ActiveCfg = Debug|x64
		{CD2C21F4-BAF9-4380-81A1-63E48AABCF8F}.Debug|x64.Build.0 = Debug|x64
		{CD2C21F4-BAF9-4380-81A1-63E48AABCF8F}.Debug|x86.ActiveCfg = Debug|Win32
		{CD2C21F4-BAF9-4380-81A1-63E48AABCF8F}.Debug|x86.Build.0 = Debug|Win32
		{CD2C21F4-BAF9-4380-81A1-63E48AABCF8F}.Release|Any CPU.ActiveCfg = Release|x64
		{CD2C21F4-BAF9-4380-81A1-63E48AABCF8F}.Release|Any CPU.Build.0 = Release|x64
		{CD2C21F4-BAF9-4380-81A1-63E48AABCF8F}.Release|x64.ActiveCfg = Release|x64
		{CD2C21F4-BAF9-4380-81A1-63E48AABCF8F}.Release|x64.Build.0 = Release|x64
		{CD2C21F4-BAF9-4380-81A1-63E48AABCF8F}.Release|x86.ActiveCfg = Release|Win32
		{CD2C21F4-BAF9-4380-81A1-63E48AABCF8F}.Release|x86.Build.0 = Release|Win32
		{0BD9F4D7-B01B-40DF-A227-343C926C34CB}.Debug|Any CPU.ActiveCfg = Debug|x64
		{0BD9F4D7-B01B-40DF-A227-343C926C34CB}.Debug|Any CPU.Build.0 = Debug|x64
		{0BD9F4D7-B01B-40DF-A227-343C926C34CB}.Debug|x64.ActiveCfg = Debug|x64
		{0BD9F4D7-B01B-40DF-A227-343C926C34CB}.Debug|x64.Build.0 = Debug|x64
		{0BD9F4D7-B01B-40DF-A227-343C926C34CB}.Debug|x86.ActiveCfg = Debug|Win32
		{0BD9F4D7-B01B-40DF-A227-343C926C34CB}.Debug|x86.Build.0 = Debug|Win32
		{0BD9F4D7-B01B-40DF-A227-343C926C34CB}.Release|Any CPU.ActiveCfg = Release|x64
		{0BD9F4D7-B01B-40DF-A227-343C926C34CB}.Release|Any CPU.Build.0 = Release|x64
		{0BD9F4D7-B01B-40DF-A227-343C926C34CB}.Release|x64.ActiveCfg = Release|x64
		{0BD9F4D7-B01B-40DF-A227-343C926C34CB}.Release|x64.Build.0 = Release|x64
		{0BD9F4D7-B01B-40DF-A227-343C926C34CB}.Release|x86.ActiveCfg = Release|Win32
		{0BD9F4D7-B01B-40DF-A227-343C926C34CB}.Release|x86.Build.0 = Release|Win32
		{96FD4A65-D72F-49FB-8B8F-5FC01C50A02E}.Debug|Any CPU.ActiveCfg = Debug|x64
		{96FD4A65-D72F-49FB-8B8F-5FC01C50A02E}.Debug|Any CPU.Build.0 = Debug|x64
		{96FD4A65-D72F-49FB-8B8F-5FC01C50A02E}.Debug|x64.ActiveCfg = Debug|x64
		{96FD4A65-D72F-49FB-8B8F-5FC01C50A02E}.Debug|x64.Build.0 = Debug|x64
		{96FD4A65-D72F-49FB-8B8F-5FC01C50A02E}.Debug|x86.ActiveCfg = Debug|Win32
		{96FD4A65-D72F-49FB-8B8F-5FC01C50A02E}.Debug|x86.Build.0 = Debug|Win32
		{96FD4A65-D72F-49FB-8B8F-5FC01C50A02E}.Release|Any CPU.ActiveCfg = Release|x64
		{96FD4A65-D72F-49FB-8B8F-5FC01C50A02E}.Release|Any CPU.Build.0 = Release|x64
		{96FD4A65-D72F-49FB-8B8F-5FC01C50A02E}.Release|x64.ActiveCfg = Release|x64
		{96FD4A65-D72F-49FB-8B8F-5FC01C50A02E}.Release|x64.Build.0 = Release|x64
		{96FD4A65-D72F-49FB-8B8F-5FC01C50A02E}.Release|x86.ActiveCfg = Release|Win32
		{96FD4A65-D72F-49FB-8B8F-5FC01C50A02E}.Release|x86.Build.0 = Release|Win32
		{E2BE8E28-299D-4799-8C4B-7D4D0663402B}.Debug|Any CPU.ActiveCfg = Debug|x64
		{E2BE8E28-299D-4799-8C4B-7D4D0663402B}.Debug|Any CPU.Build.0 = Debug|x64
		{E2BE8E28-299D-4799-8C4B-7D4D0663402B}.Debug|x64.ActiveCfg = Debug|x64
		{E2BE8E28-299D-4799-8C4B-7D4D0663402B}.Debug|x64.Build.0 = Debug|x64
		{E2BE8E28-299D-4799-8C4B-7D4D0663402B}.Debug|x86.ActiveCfg = Debug|Win32
		{E2BE8E28-299D-4799-8C4B-7D4D0663402B}.Debug|x86.Build.0 = Debug|Win32
		{E2BE8E28-299D-4799-8C4B-7D4D0663402B}.Release|Any CPU.ActiveCfg = Release|x64
		{E2BE8E28-299D-4799-8C4B-7D4D0663402B}.Release|Any CPU.Build.0 = Release|x64
		{E2BE8E28-299D-4799-8C4B-7D4D0663402B}.Release|x64.ActiveCfg = Release|x64
		{E2BE8E28-299D-4799-8C4B-7D4D0663402B}.Release|x64.Build.0 = Release|x64
		{E2BE8E28-299D-4799-8C4B-7D4D0663402B}.Release|x86.ActiveCfg = Release|Win32
		{E2BE8E28-299D-4799-8C4B-7D4D0663402B}.Release|x86.Build.0 = Release|Win32
		{D0202FF8-247B-4EF6-9394-FBA85259A3B6}.Debug|Any CPU.ActiveCfg = Debug|x64
		{D0202FF8-247B-4EF6-9394-FBA85259A3B6}.Debug|Any CPU.Build.0 = Debug|x64
		{D0202FF8-247B-4EF6-9394-FBA85259A3B6}.Debug|x64.ActiveCfg = Debug|x64
		{D0202FF8-247B-4EF6-9394-FBA85259A3B6}.Debug|x64.Build.0 = Debug|x64
		{D0202FF8-247B-4EF6-9394-FBA85259A3B6}.Debug|x86.ActiveCfg = Debug|Win32
		{D0202FF8-247B-4EF6-9394-FBA85259A3B6}.Debug|x86.Build.0 = Debug|Win32
		{D0202FF8-247B-4EF6-9394-FBA85259A3B6}.Release|Any CPU.ActiveCfg = Release|x64
		{D0202FF8-247B-4EF6-9394-FBA85259A3B6}.Release|Any CPU.Build.0 = Release|x64
		{D0202FF8-247B-4EF6-9394-FBA85259A3B6}.Release|x64.ActiveCfg = Release|x64
		{D0202FF8-247B-4EF6-9394-FBA85259A3B6}.Release|x64.Build.0 = Release|x64
		{D0202FF8-247B-4EF6-9394-FBA85259A3B6}.Release|x86.ActiveCfg = Release|Win32
		{D0202FF8-247B-4EF6-9394-FBA85259A3B6}.Release|x86.Build.0 = Release|Win32
		{DA6F48BD-CC93-472D-BD16-A266F460133D}.Debug|Any CPU.ActiveCfg = Debug|x64
		{DA6F48BD-CC93-472D-BD16-A266F460133D}.Debug|Any CPU.Build.0 = Debug|x64
		{DA6F48BD-CC93-472D-BD16-A266F460133D}.Debug|x64.ActiveCfg = Debug|x64
		{DA6F48BD-CC93-472D-BD16-A266F460133D}.Debug|x64.Build.0 = Debug|x64
		{DA6F48BD-CC93-472D-BD16-A266F460133D}.Debug|x86.ActiveCfg = Debug|Win32
		{DA6F48BD-CC93-472D-BD16-A266F460133D}.Debug|x86.Build.0 = Debug|Win32
		{DA6F48BD-CC93-472D-BD16-A266F460133D}.Release|Any CPU.ActiveCfg = Release|x64
		{DA6F48BD-CC93-472D-BD16-A266F460133D}.Release|Any CPU.Build.0 = Release|x64
		{DA6F48BD-CC93-472D-BD16-A266F460133D}.Release|x64.ActiveCfg = Release|x64
		{DA6F48BD-CC93-472D-BD16-A266F460133D}.Release|x64.Build.0 = Release|x64
		{DA6F48BD-CC93-472D-BD16-A266F460133D}.Release|x86.ActiveCfg = Release|Win32
		{DA6F48BD-CC93-472D-BD16-A266F460133D}.Release|x86.Build.0 = Release|Win32
		{A032D039-1A6C-4997-8396-31F47DE1F356}.Debug|Any CPU.ActiveCfg = Debug|x64
		{A032D039-1A6C-4997-8396-31F47DE1F356}.Debug|Any CPU.Build.0 = Debug|x64
		{A032D039-1A6C-4997-8396-31F47DE1F356}.Debug|x64.ActiveCfg = Debug|x64
		{A032D039-1A6C-4997-8396-31F47DE1F356}.Debug|x64.Build.0 = Debug|x64
		{A032D039-1A6C-4997-8396-31F47DE1F356}.Debug|x86.ActiveCfg = Debug|Win32
		{A032D039-1A6C-4997-8396-31F47DE1F356}.Debug|x86.Build.0 = Debug|Win32
		{A032D039-1A6C-4997-8396-31F47DE1F356}.Release|Any CPU.ActiveCfg = Release|x64
		{A032D039-1A6C-4997-8396-31F47DE1F356}.Release|Any CPU.Build.0 = Release|x64
		{A032D039-1A6C-4997-8396-31F47DE1F356}.Release|x64.ActiveCfg = Release|x64
		{A032D039-1A6C-4997-8396-31F47DE1F356}.Release|x64.Build.0 = Release|x64
		{A032D039-1A6C-4997-8396-31F47DE1F356}.Release|x86.ActiveCfg = Release|Win32
		{A032D039-1A6C-4997-8396-31F47DE1F356}.Release|x86.Build.0 = Release|Win32
		{0D6AE82E-44E3-4522-B563-81835A434F6D}.Debug|Any CPU.ActiveCfg = Debug|x64
		{0D6AE82E-44E3-4522-B563-81835A434F6D}.Debug|Any CPU.Build.0 = Debug|x64
		{0D6AE82E-44E3-4522-B563-81835A434F6D}.Debug|x64.ActiveCfg = Debug|x64
		{0D6AE82E-44E3-4522-B563-81835A434F6D}.Debug|x64.Build.0 = Debug|x64
		{0D6AE82E-44E3-4522-B563-81835A434F6D}.Debug|x86.ActiveCfg = Debug|Win32
		{0D6AE82E-44E3-4522-B563-81835A434F6D}.Debug|x86.Build.0 = Debug|Win32
		{0D6AE82E-44E3-4522-B563-81835A434F6D}.Release|Any CPU.ActiveCfg = Release|x64
		{0D6AE82E-44E3-4522-B563-81835A434F6D}.Release|Any CPU.Build.0 = Release|x64
		{0D6AE82E-44E3-4522-B563-81835A434F6D}.Release|x64.ActiveCfg = Release|x64
		{0D6AE82E-44E3-4522-B563-81835A434F6D}.Release|x64.Build.0 = Release|x64
		{0D6AE82E-44E3-4522-B563-81835A434F6D}.Release|x86.ActiveCfg = Release|Win32
		{0D6AE82E-44E3-4522-B563-81835A434F6D}.Release|x86.Build.0 = Release|Win32
		{E10B4DD4-0CBF-433A-BDD9-70B232F4A470}.Debug|Any CPU.ActiveCfg = Debug|x64
		{E10B4DD4-0CBF-433A-BDD9-70B232F4A470}.Debug|Any CPU.Build.0 = Debug|x64
		{E10B4DD4-0CBF-433A-BDD9-70B232F4A470}.Debug|x64.ActiveCfg = Debug|x64
		{E10B4DD4-0CBF-433A-BDD9-70B232F4A470}.Debug|x64.Build.0 = Debug|x64
		{E10B4DD4-0CBF-433A-BDD9-70B232F4A470}.Debug|x86.ActiveCfg = Debug|Win32
		{E10B4DD4-0CBF-433A-BDD9-70B232F4A470}.Debug|x86.Build.0 = Debug|Win32
		{E10B4DD4-0CBF-433A-BDD9-70B232F4A470}.Release|Any CPU.ActiveCfg = Release|x64
		{E10B4DD4-0CBF-433A-BDD9-70B232F4A470}.Release|Any CPU.Build.0 = Release|x64
		{E10B4DD4-0CBF-433A-BDD9-70B232F4A470}.Release|x64.ActiveCfg = Release|x64
		{E10B4DD4-0CBF-433A-BDD9-70B232F4A470}.Release|x64.Build.0 = Release|x64
		{E10B4DD4-0CBF-433A-BDD9-70B232F4A470}.Release|x86.ActiveCfg = Release|Win32
		{E10B4DD4-0CBF-433A-BDD9-70B232F4A470}.Release|x86.Build.0 = Release|Win32
	EndGlobalSection
	GlobalSection(SolutionProperties) = preSolution
		HideSolutionNode = FALSE
	EndGlobalSection
	GlobalSection(ExtensibilityGlobals) = postSolution
		SolutionGuid = {03B53AE4-B7B0-4C48-BE54-A12F7A048452}
	EndGlobalSection
EndGlobal
